// !$*UTF8*$!
{
	archiveVersion = 1;
	classes = {
	};
	objectVersion = 56;
	objects = {

/* Begin PBXBuildFile section */
		71A573432A0CB8A40033C7DC /* Slot_MachineApp.swift in Sources */ = {isa = PBXBuildFile; fileRef = 71A573422A0CB8A40033C7DC /* Slot_MachineApp.swift */; };
		71A573452A0CB8A40033C7DC /* ContentView.swift in Sources */ = {isa = PBXBuildFile; fileRef = 71A573442A0CB8A40033C7DC /* ContentView.swift */; };
		71A573472A0CB8A50033C7DC /* Assets.xcassets in Resources */ = {isa = PBXBuildFile; fileRef = 71A573462A0CB8A50033C7DC /* Assets.xcassets */; };
		71A5734A2A0CB8A50033C7DC /* Preview Assets.xcassets in Resources */ = {isa = PBXBuildFile; fileRef = 71A573492A0CB8A50033C7DC /* Preview Assets.xcassets */; };
		71A573582A0CB9D20033C7DC /* win.mp3 in Resources */ = {isa = PBXBuildFile; fileRef = 71A573502A0CB9D10033C7DC /* win.mp3 */; };
		71A573592A0CB9D20033C7DC /* chimeup.mp3 in Resources */ = {isa = PBXBuildFile; fileRef = 71A573512A0CB9D20033C7DC /* chimeup.mp3 */; };
		71A5735A2A0CB9D20033C7DC /* high-score.mp3 in Resources */ = {isa = PBXBuildFile; fileRef = 71A573522A0CB9D20033C7DC /* high-score.mp3 */; };
		71A5735B2A0CB9D20033C7DC /* riseup.mp3 in Resources */ = {isa = PBXBuildFile; fileRef = 71A573532A0CB9D20033C7DC /* riseup.mp3 */; };
		71A5735C2A0CB9D20033C7DC /* casino-chips.mp3 in Resources */ = {isa = PBXBuildFile; fileRef = 71A573542A0CB9D20033C7DC /* casino-chips.mp3 */; };
		71A5735D2A0CB9D20033C7DC /* background-music.mp3 in Resources */ = {isa = PBXBuildFile; fileRef = 71A573552A0CB9D20033C7DC /* background-music.mp3 */; };
		71A5735E2A0CB9D20033C7DC /* spin.mp3 in Resources */ = {isa = PBXBuildFile; fileRef = 71A573562A0CB9D20033C7DC /* spin.mp3 */; };
		71A5735F2A0CB9D20033C7DC /* game-over.mp3 in Resources */ = {isa = PBXBuildFile; fileRef = 71A573572A0CB9D20033C7DC /* game-over.mp3 */; };
		71A573672A0CBBDD0033C7DC /* Launch Screen.storyboard in Resources */ = {isa = PBXBuildFile; fileRef = 71A573662A0CBBDD0033C7DC /* Launch Screen.storyboard */; };
		71A573692A0CBFA70033C7DC /* LogoView.swift in Sources */ = {isa = PBXBuildFile; fileRef = 71A573682A0CBFA70033C7DC /* LogoView.swift */; };
		71A5736B2A0CBFE10033C7DC /* Modifiers.swift in Sources */ = {isa = PBXBuildFile; fileRef = 71A5736A2A0CBFE10033C7DC /* Modifiers.swift */; };
		71A5736D2A0CC1F60033C7DC /* Extensions.swift in Sources */ = {isa = PBXBuildFile; fileRef = 71A5736C2A0CC1F60033C7DC /* Extensions.swift */; };
		71A5736F2A0CC6860033C7DC /* ReelView.swift in Sources */ = {isa = PBXBuildFile; fileRef = 71A5736E2A0CC6850033C7DC /* ReelView.swift */; };
/* End PBXBuildFile section */

/* Begin PBXFileReference section */
		71A5733F2A0CB8A40033C7DC /* Slot Machine.app */ = {isa = PBXFileReference; explicitFileType = wrapper.application; includeInIndex = 0; path = "Slot Machine.app"; sourceTree = BUILT_PRODUCTS_DIR; };
		71A573422A0CB8A40033C7DC /* Slot_MachineApp.swift */ = {isa = PBXFileReference; lastKnownFileType = sourcecode.swift; path = Slot_MachineApp.swift; sourceTree = "<group>"; };
		71A573442A0CB8A40033C7DC /* ContentView.swift */ = {isa = PBXFileReference; lastKnownFileType = sourcecode.swift; path = ContentView.swift; sourceTree = "<group>"; };
		71A573462A0CB8A50033C7DC /* Assets.xcassets */ = {isa = PBXFileReference; lastKnownFileType = folder.assetcatalog; path = Assets.xcassets; sourceTree = "<group>"; };
		71A573492A0CB8A50033C7DC /* Preview Assets.xcassets */ = {isa = PBXFileReference; lastKnownFileType = folder.assetcatalog; path = "Preview Assets.xcassets"; sourceTree = "<group>"; };
		71A573502A0CB9D10033C7DC /* win.mp3 */ = {isa = PBXFileReference; lastKnownFileType = audio.mp3; path = win.mp3; sourceTree = "<group>"; };
		71A573512A0CB9D20033C7DC /* chimeup.mp3 */ = {isa = PBXFileReference; lastKnownFileType = audio.mp3; path = chimeup.mp3; sourceTree = "<group>"; };
		71A573522A0CB9D20033C7DC /* high-score.mp3 */ = {isa = PBXFileReference; lastKnownFileType = audio.mp3; path = "high-score.mp3"; sourceTree = "<group>"; };
		71A573532A0CB9D20033C7DC /* riseup.mp3 */ = {isa = PBXFileReference; lastKnownFileType = audio.mp3; path = riseup.mp3; sourceTree = "<group>"; };
		71A573542A0CB9D20033C7DC /* casino-chips.mp3 */ = {isa = PBXFileReference; lastKnownFileType = audio.mp3; path = "casino-chips.mp3"; sourceTree = "<group>"; };
		71A573552A0CB9D20033C7DC /* background-music.mp3 */ = {isa = PBXFileReference; lastKnownFileType = audio.mp3; path = "background-music.mp3"; sourceTree = "<group>"; };
		71A573562A0CB9D20033C7DC /* spin.mp3 */ = {isa = PBXFileReference; lastKnownFileType = audio.mp3; path = spin.mp3; sourceTree = "<group>"; };
		71A573572A0CB9D20033C7DC /* game-over.mp3 */ = {isa = PBXFileReference; lastKnownFileType = audio.mp3; path = "game-over.mp3"; sourceTree = "<group>"; };
		71A573632A0CBA520033C7DC /* Slot-Machine-Info.plist */ = {isa = PBXFileReference; lastKnownFileType = text.plist; path = "Slot-Machine-Info.plist"; sourceTree = SOURCE_ROOT; };
		71A573662A0CBBDD0033C7DC /* Launch Screen.storyboard */ = {isa = PBXFileReference; lastKnownFileType = file.storyboard; path = "Launch Screen.storyboard"; sourceTree = "<group>"; };
		71A573682A0CBFA70033C7DC /* LogoView.swift */ = {isa = PBXFileReference; lastKnownFileType = sourcecode.swift; path = LogoView.swift; sourceTree = "<group>"; };
		71A5736A2A0CBFE10033C7DC /* Modifiers.swift */ = {isa = PBXFileReference; lastKnownFileType = sourcecode.swift; path = Modifiers.swift; sourceTree = "<group>"; };
		71A5736C2A0CC1F60033C7DC /* Extensions.swift */ = {isa = PBXFileReference; lastKnownFileType = sourcecode.swift; path = Extensions.swift; sourceTree = "<group>"; };
		71A5736E2A0CC6850033C7DC /* ReelView.swift */ = {isa = PBXFileReference; lastKnownFileType = sourcecode.swift; path = ReelView.swift; sourceTree = "<group>"; };
/* End PBXFileReference section */

/* Begin PBXFrameworksBuildPhase section */
		71A5733C2A0CB8A40033C7DC /* Frameworks */ = {
			isa = PBXFrameworksBuildPhase;
			buildActionMask = 2147483647;
			files = (
			);
			runOnlyForDeploymentPostprocessing = 0;
		};
/* End PBXFrameworksBuildPhase section */

/* Begin PBXGroup section */
		71A573362A0CB8A40033C7DC = {
			isa = PBXGroup;
			children = (
				71A573412A0CB8A40033C7DC /* Slot Machine */,
				71A573402A0CB8A40033C7DC /* Products */,
			);
			sourceTree = "<group>";
		};
		71A573402A0CB8A40033C7DC /* Products */ = {
			isa = PBXGroup;
			children = (
				71A5733F2A0CB8A40033C7DC /* Slot Machine.app */,
			);
			name = Products;
			sourceTree = "<group>";
		};
		71A573412A0CB8A40033C7DC /* Slot Machine */ = {
			isa = PBXGroup;
			children = (
				71A573632A0CBA520033C7DC /* Slot-Machine-Info.plist */,
				71A573622A0CB9EF0033C7DC /* Helpers */,
				71A573602A0CB9D90033C7DC /* Sounds */,
				71A573612A0CB9E70033C7DC /* Views */,
				71A573422A0CB8A40033C7DC /* Slot_MachineApp.swift */,
				71A573482A0CB8A50033C7DC /* Preview Content */,
				71A573462A0CB8A50033C7DC /* Assets.xcassets */,
				71A573662A0CBBDD0033C7DC /* Launch Screen.storyboard */,
			);
			path = "Slot Machine";
			sourceTree = "<group>";
		};
		71A573482A0CB8A50033C7DC /* Preview Content */ = {
			isa = PBXGroup;
			children = (
				71A573492A0CB8A50033C7DC /* Preview Assets.xcassets */,
			);
			path = "Preview Content";
			sourceTree = "<group>";
		};
		71A573602A0CB9D90033C7DC /* Sounds */ = {
			isa = PBXGroup;
			children = (
				71A573552A0CB9D20033C7DC /* background-music.mp3 */,
				71A573542A0CB9D20033C7DC /* casino-chips.mp3 */,
				71A573512A0CB9D20033C7DC /* chimeup.mp3 */,
				71A573572A0CB9D20033C7DC /* game-over.mp3 */,
				71A573522A0CB9D20033C7DC /* high-score.mp3 */,
				71A573532A0CB9D20033C7DC /* riseup.mp3 */,
				71A573562A0CB9D20033C7DC /* spin.mp3 */,
				71A573502A0CB9D10033C7DC /* win.mp3 */,
			);
			path = Sounds;
			sourceTree = "<group>";
		};
		71A573612A0CB9E70033C7DC /* Views */ = {
			isa = PBXGroup;
			children = (
				71A573442A0CB8A40033C7DC /* ContentView.swift */,
				71A573682A0CBFA70033C7DC /* LogoView.swift */,
				71A5736E2A0CC6850033C7DC /* ReelView.swift */,
			);
			path = Views;
			sourceTree = "<group>";
		};
		71A573622A0CB9EF0033C7DC /* Helpers */ = {
			isa = PBXGroup;
			children = (
				71A5736A2A0CBFE10033C7DC /* Modifiers.swift */,
				71A5736C2A0CC1F60033C7DC /* Extensions.swift */,
			);
			path = Helpers;
			sourceTree = "<group>";
		};
/* End PBXGroup section */

/* Begin PBXNativeTarget section */
		71A5733E2A0CB8A40033C7DC /* Slot Machine */ = {
			isa = PBXNativeTarget;
			buildConfigurationList = 71A5734D2A0CB8A50033C7DC /* Build configuration list for PBXNativeTarget "Slot Machine" */;
			buildPhases = (
				71A5733B2A0CB8A40033C7DC /* Sources */,
				71A5733C2A0CB8A40033C7DC /* Frameworks */,
				71A5733D2A0CB8A40033C7DC /* Resources */,
			);
			buildRules = (
			);
			dependencies = (
			);
			name = "Slot Machine";
			productName = "Slot Machine";
			productReference = 71A5733F2A0CB8A40033C7DC /* Slot Machine.app */;
			productType = "com.apple.product-type.application";
		};
/* End PBXNativeTarget section */

/* Begin PBXProject section */
		71A573372A0CB8A40033C7DC /* Project object */ = {
			isa = PBXProject;
			attributes = {
				BuildIndependentTargetsInParallel = 1;
				LastSwiftUpdateCheck = 1430;
				LastUpgradeCheck = 1430;
				TargetAttributes = {
					71A5733E2A0CB8A40033C7DC = {
						CreatedOnToolsVersion = 14.3;
					};
				};
			};
			buildConfigurationList = 71A5733A2A0CB8A40033C7DC /* Build configuration list for PBXProject "Slot Machine" */;
			compatibilityVersion = "Xcode 14.0";
			developmentRegion = en;
			hasScannedForEncodings = 0;
			knownRegions = (
				en,
				Base,
			);
			mainGroup = 71A573362A0CB8A40033C7DC;
			productRefGroup = 71A573402A0CB8A40033C7DC /* Products */;
			projectDirPath = "";
			projectRoot = "";
			targets = (
				71A5733E2A0CB8A40033C7DC /* Slot Machine */,
			);
		};
/* End PBXProject section */

/* Begin PBXResourcesBuildPhase section */
		71A5733D2A0CB8A40033C7DC /* Resources */ = {
			isa = PBXResourcesBuildPhase;
			buildActionMask = 2147483647;
			files = (
				71A5735D2A0CB9D20033C7DC /* background-music.mp3 in Resources */,
				71A5735B2A0CB9D20033C7DC /* riseup.mp3 in Resources */,
				71A5735E2A0CB9D20033C7DC /* spin.mp3 in Resources */,
				71A5735A2A0CB9D20033C7DC /* high-score.mp3 in Resources */,
				71A573592A0CB9D20033C7DC /* chimeup.mp3 in Resources */,
				71A5735C2A0CB9D20033C7DC /* casino-chips.mp3 in Resources */,
				71A573672A0CBBDD0033C7DC /* Launch Screen.storyboard in Resources */,
				71A5735F2A0CB9D20033C7DC /* game-over.mp3 in Resources */,
				71A573582A0CB9D20033C7DC /* win.mp3 in Resources */,
				71A5734A2A0CB8A50033C7DC /* Preview Assets.xcassets in Resources */,
				71A573472A0CB8A50033C7DC /* Assets.xcassets in Resources */,
			);
			runOnlyForDeploymentPostprocessing = 0;
		};
/* End PBXResourcesBuildPhase section */

/* Begin PBXSourcesBuildPhase section */
		71A5733B2A0CB8A40033C7DC /* Sources */ = {
			isa = PBXSourcesBuildPhase;
			buildActionMask = 2147483647;
			files = (
				71A5736F2A0CC6860033C7DC /* ReelView.swift in Sources */,
				71A5736D2A0CC1F60033C7DC /* Extensions.swift in Sources */,
				71A5736B2A0CBFE10033C7DC /* Modifiers.swift in Sources */,
				71A573452A0CB8A40033C7DC /* ContentView.swift in Sources */,
				71A573692A0CBFA70033C7DC /* LogoView.swift in Sources */,
				71A573432A0CB8A40033C7DC /* Slot_MachineApp.swift in Sources */,
			);
			runOnlyForDeploymentPostprocessing = 0;
		};
/* End PBXSourcesBuildPhase section */

/* Begin XCBuildConfiguration section */
		71A5734B2A0CB8A50033C7DC /* Debug */ = {
			isa = XCBuildConfiguration;
			buildSettings = {
				ALWAYS_SEARCH_USER_PATHS = NO;
				CLANG_ANALYZER_NONNULL = YES;
				CLANG_ANALYZER_NUMBER_OBJECT_CONVERSION = YES_AGGRESSIVE;
				CLANG_CXX_LANGUAGE_STANDARD = "gnu++20";
				CLANG_ENABLE_MODULES = YES;
				CLANG_ENABLE_OBJC_ARC = YES;
				CLANG_ENABLE_OBJC_WEAK = YES;
				CLANG_WARN_BLOCK_CAPTURE_AUTORELEASING = YES;
				CLANG_WARN_BOOL_CONVERSION = YES;
				CLANG_WARN_COMMA = YES;
				CLANG_WARN_CONSTANT_CONVERSION = YES;
				CLANG_WARN_DEPRECATED_OBJC_IMPLEMENTATIONS = YES;
				CLANG_WARN_DIRECT_OBJC_ISA_USAGE = YES_ERROR;
				CLANG_WARN_DOCUMENTATION_COMMENTS = YES;
				CLANG_WARN_EMPTY_BODY = YES;
				CLANG_WARN_ENUM_CONVERSION = YES;
				CLANG_WARN_INFINITE_RECURSION = YES;
				CLANG_WARN_INT_CONVERSION = YES;
				CLANG_WARN_NON_LITERAL_NULL_CONVERSION = YES;
				CLANG_WARN_OBJC_IMPLICIT_RETAIN_SELF = YES;
				CLANG_WARN_OBJC_LITERAL_CONVERSION = YES;
				CLANG_WARN_OBJC_ROOT_CLASS = YES_ERROR;
				CLANG_WARN_QUOTED_INCLUDE_IN_FRAMEWORK_HEADER = YES;
				CLANG_WARN_RANGE_LOOP_ANALYSIS = YES;
				CLANG_WARN_STRICT_PROTOTYPES = YES;
				CLANG_WARN_SUSPICIOUS_MOVE = YES;
				CLANG_WARN_UNGUARDED_AVAILABILITY = YES_AGGRESSIVE;
				CLANG_WARN_UNREACHABLE_CODE = YES;
				CLANG_WARN__DUPLICATE_METHOD_MATCH = YES;
				COPY_PHASE_STRIP = NO;
				DEBUG_INFORMATION_FORMAT = dwarf;
				ENABLE_STRICT_OBJC_MSGSEND = YES;
				ENABLE_TESTABILITY = YES;
				GCC_C_LANGUAGE_STANDARD = gnu11;
				GCC_DYNAMIC_NO_PIC = NO;
				GCC_NO_COMMON_BLOCKS = YES;
				GCC_OPTIMIZATION_LEVEL = 0;
				GCC_PREPROCESSOR_DEFINITIONS = (
					"DEBUG=1",
					"$(inherited)",
				);
				GCC_WARN_64_TO_32_BIT_CONVERSION = YES;
				GCC_WARN_ABOUT_RETURN_TYPE = YES_ERROR;
				GCC_WARN_UNDECLARED_SELECTOR = YES;
				GCC_WARN_UNINITIALIZED_AUTOS = YES_AGGRESSIVE;
				GCC_WARN_UNUSED_FUNCTION = YES;
				GCC_WARN_UNUSED_VARIABLE = YES;
				IPHONEOS_DEPLOYMENT_TARGET = 16.4;
				MTL_ENABLE_DEBUG_INFO = INCLUDE_SOURCE;
				MTL_FAST_MATH = YES;
				ONLY_ACTIVE_ARCH = YES;
				SDKROOT = iphoneos;
				SWIFT_ACTIVE_COMPILATION_CONDITIONS = DEBUG;
				SWIFT_OPTIMIZATION_LEVEL = "-Onone";
			};
			name = Debug;
		};
		71A5734C2A0CB8A50033C7DC /* Release */ = {
			isa = XCBuildConfiguration;
			buildSettings = {
				ALWAYS_SEARCH_USER_PATHS = NO;
				CLANG_ANALYZER_NONNULL = YES;
				CLANG_ANALYZER_NUMBER_OBJECT_CONVERSION = YES_AGGRESSIVE;
				CLANG_CXX_LANGUAGE_STANDARD = "gnu++20";
				CLANG_ENABLE_MODULES = YES;
				CLANG_ENABLE_OBJC_ARC = YES;
				CLANG_ENABLE_OBJC_WEAK = YES;
				CLANG_WARN_BLOCK_CAPTURE_AUTORELEASING = YES;
				CLANG_WARN_BOOL_CONVERSION = YES;
				CLANG_WARN_COMMA = YES;
				CLANG_WARN_CONSTANT_CONVERSION = YES;
				CLANG_WARN_DEPRECATED_OBJC_IMPLEMENTATIONS = YES;
				CLANG_WARN_DIRECT_OBJC_ISA_USAGE = YES_ERROR;
				CLANG_WARN_DOCUMENTATION_COMMENTS = YES;
				CLANG_WARN_EMPTY_BODY = YES;
				CLANG_WARN_ENUM_CONVERSION = YES;
				CLANG_WARN_INFINITE_RECURSION = YES;
				CLANG_WARN_INT_CONVERSION = YES;
				CLANG_WARN_NON_LITERAL_NULL_CONVERSION = YES;
				CLANG_WARN_OBJC_IMPLICIT_RETAIN_SELF = YES;
				CLANG_WARN_OBJC_LITERAL_CONVERSION = YES;
				CLANG_WARN_OBJC_ROOT_CLASS = YES_ERROR;
				CLANG_WARN_QUOTED_INCLUDE_IN_FRAMEWORK_HEADER = YES;
				CLANG_WARN_RANGE_LOOP_ANALYSIS = YES;
				CLANG_WARN_STRICT_PROTOTYPES = YES;
				CLANG_WARN_SUSPICIOUS_MOVE = YES;
				CLANG_WARN_UNGUARDED_AVAILABILITY = YES_AGGRESSIVE;
				CLANG_WARN_UNREACHABLE_CODE = YES;
				CLANG_WARN__DUPLICATE_METHOD_MATCH = YES;
				COPY_PHASE_STRIP = NO;
				DEBUG_INFORMATION_FORMAT = "dwarf-with-dsym";
				ENABLE_NS_ASSERTIONS = NO;
				ENABLE_STRICT_OBJC_MSGSEND = YES;
				GCC_C_LANGUAGE_STANDARD = gnu11;
				GCC_NO_COMMON_BLOCKS = YES;
				GCC_WARN_64_TO_32_BIT_CONVERSION = YES;
				GCC_WARN_ABOUT_RETURN_TYPE = YES_ERROR;
				GCC_WARN_UNDECLARED_SELECTOR = YES;
				GCC_WARN_UNINITIALIZED_AUTOS = YES_AGGRESSIVE;
				GCC_WARN_UNUSED_FUNCTION = YES;
				GCC_WARN_UNUSED_VARIABLE = YES;
				IPHONEOS_DEPLOYMENT_TARGET = 16.4;
				MTL_ENABLE_DEBUG_INFO = NO;
				MTL_FAST_MATH = YES;
				SDKROOT = iphoneos;
				SWIFT_COMPILATION_MODE = wholemodule;
				SWIFT_OPTIMIZATION_LEVEL = "-O";
				VALIDATE_PRODUCT = YES;
			};
			name = Release;
		};
		71A5734E2A0CB8A50033C7DC /* Debug */ = {
			isa = XCBuildConfiguration;
			buildSettings = {
				ASSETCATALOG_COMPILER_APPICON_NAME = AppIcon;
				ASSETCATALOG_COMPILER_GLOBAL_ACCENT_COLOR_NAME = AccentColor;
				ASSETCATALOG_COMPILER_INCLUDE_ALL_APPICON_ASSETS = YES;
				CODE_SIGN_STYLE = Automatic;
				CURRENT_PROJECT_VERSION = 1;
				DEVELOPMENT_ASSET_PATHS = "\"Slot Machine/Preview Content\"";
				DEVELOPMENT_TEAM = G29X5XN89V;
				ENABLE_PREVIEWS = YES;
				GENERATE_INFOPLIST_FILE = YES;
				INFOPLIST_FILE = "Slot-Machine-Info.plist";
				INFOPLIST_KEY_UIApplicationSceneManifest_Generation = YES;
				INFOPLIST_KEY_UIApplicationSupportsIndirectInputEvents = YES;
				INFOPLIST_KEY_UILaunchScreen_Generation = YES;
				INFOPLIST_KEY_UILaunchStoryboardName = "Launch Screen.storyboard";
				INFOPLIST_KEY_UISupportedInterfaceOrientations_iPad = "UIInterfaceOrientationPortrait UIInterfaceOrientationPortraitUpsideDown UIInterfaceOrientationLandscapeLeft UIInterfaceOrientationLandscapeRight";
				INFOPLIST_KEY_UISupportedInterfaceOrientations_iPhone = "UIInterfaceOrientationPortrait UIInterfaceOrientationLandscapeLeft UIInterfaceOrientationLandscapeRight";
				LD_RUNPATH_SEARCH_PATHS = (
					"$(inherited)",
					"@executable_path/Frameworks",
				);
				MARKETING_VERSION = 1.0;
				PRODUCT_BUNDLE_IDENTIFIER = "com.owol.Slot-Machine";
				PRODUCT_NAME = "$(TARGET_NAME)";
				SWIFT_EMIT_LOC_STRINGS = YES;
				SWIFT_VERSION = 5.0;
				TARGETED_DEVICE_FAMILY = "1,2";
			};
			name = Debug;
		};
		71A5734F2A0CB8A50033C7DC /* Release */ = {
			isa = XCBuildConfiguration;
			buildSettings = {
				ASSETCATALOG_COMPILER_APPICON_NAME = AppIcon;
				ASSETCATALOG_COMPILER_GLOBAL_ACCENT_COLOR_NAME = AccentColor;
				ASSETCATALOG_COMPILER_INCLUDE_ALL_APPICON_ASSETS = YES;
				CODE_SIGN_STYLE = Automatic;
				CURRENT_PROJECT_VERSION = 1;
				DEVELOPMENT_ASSET_PATHS = "\"Slot Machine/Preview Content\"";
				DEVELOPMENT_TEAM = G29X5XN89V;
				ENABLE_PREVIEWS = YES;
				GENERATE_INFOPLIST_FILE = YES;
				INFOPLIST_FILE = "Slot-Machine-Info.plist";
				INFOPLIST_KEY_UIApplicationSceneManifest_Generation = YES;
				INFOPLIST_KEY_UIApplicationSupportsIndirectInputEvents = YES;
				INFOPLIST_KEY_UILaunchScreen_Generation = YES;
				INFOPLIST_KEY_UILaunchStoryboardName = "Launch Screen.storyboard";
				INFOPLIST_KEY_UISupportedInterfaceOrientations_iPad = "UIInterfaceOrientationPortrait UIInterfaceOrientationPortraitUpsideDown UIInterfaceOrientationLandscapeLeft UIInterfaceOrientationLandscapeRight";
				INFOPLIST_KEY_UISupportedInterfaceOrientations_iPhone = "UIInterfaceOrientationPortrait UIInterfaceOrientationLandscapeLeft UIInterfaceOrientationLandscapeRight";
				LD_RUNPATH_SEARCH_PATHS = (
					"$(inherited)",
					"@executable_path/Frameworks",
				);
				MARKETING_VERSION = 1.0;
				PRODUCT_BUNDLE_IDENTIFIER = "com.owol.Slot-Machine";
				PRODUCT_NAME = "$(TARGET_NAME)";
				SWIFT_EMIT_LOC_STRINGS = YES;
				SWIFT_VERSION = 5.0;
				TARGETED_DEVICE_FAMILY = "1,2";
			};
			name = Release;
		};
/* End XCBuildConfiguration section */

/* Begin XCConfigurationList section */
		71A5733A2A0CB8A40033C7DC /* Build configuration list for PBXProject "Slot Machine" */ = {
			isa = XCConfigurationList;
			buildConfigurations = (
				71A5734B2A0CB8A50033C7DC /* Debug */,
				71A5734C2A0CB8A50033C7DC /* Release */,
			);
			defaultConfigurationIsVisible = 0;
			defaultConfigurationName = Release;
		};
		71A5734D2A0CB8A50033C7DC /* Build configuration list for PBXNativeTarget "Slot Machine" */ = {
			isa = XCConfigurationList;
			buildConfigurations = (
				71A5734E2A0CB8A50033C7DC /* Debug */,
				71A5734F2A0CB8A50033C7DC /* Release */,
			);
			defaultConfigurationIsVisible = 0;
			defaultConfigurationName = Release;
		};
/* End XCConfigurationList section */
	};
	rootObject = 71A573372A0CB8A40033C7DC /* Project object */;
}
